// !$*UTF8*$!
{
	archiveVersion = 1;
	classes = {
	};
	objectVersion = 52;
	objects = {

/* Begin PBXBuildFile section */
		F41C08B028BE51310050510E /* PaymentViewModel.swift in Sources */ = {isa = PBXBuildFile; fileRef = F41C08AF28BE51310050510E /* PaymentViewModel.swift */; };
		F41C08B228BE59A70050510E /* pdfMock2.pdf in Resources */ = {isa = PBXBuildFile; fileRef = F41C08B128BE59A70050510E /* pdfMock2.pdf */; };
		F41C08B428C0D3400050510E /* DS-01.xml in Resources */ = {isa = PBXBuildFile; fileRef = F41C08B328C0D33F0050510E /* DS-01.xml */; };
		F41C08B628C5CD910050510E /* Account.swift in Sources */ = {isa = PBXBuildFile; fileRef = F41C08B528C5CD910050510E /* Account.swift */; };
		F41C08C828C5D7120050510E /* PlusJakartaSans-Bold.ttf in Resources */ = {isa = PBXBuildFile; fileRef = F41C08BD28C5CFA90050510E /* PlusJakartaSans-Bold.ttf */; };
		F41C08C928C5D7150050510E /* PlusJakartaSans-BoldItalic.ttf in Resources */ = {isa = PBXBuildFile; fileRef = F41C08B828C5CFA80050510E /* PlusJakartaSans-BoldItalic.ttf */; };
		F41C08CA28C5D71B0050510E /* PlusJakartaSans-Light.ttf in Resources */ = {isa = PBXBuildFile; fileRef = F41C08BE28C5CFA90050510E /* PlusJakartaSans-Light.ttf */; };
		F41C08CB28C5D71E0050510E /* PlusJakartaSans-ExtraBoldItalic.ttf in Resources */ = {isa = PBXBuildFile; fileRef = F41C08C528C5CFAA0050510E /* PlusJakartaSans-ExtraBoldItalic.ttf */; };
		F41C08CC28C5D7220050510E /* PlusJakartaSans-ExtraLight.ttf in Resources */ = {isa = PBXBuildFile; fileRef = F41C08BF28C5CFA90050510E /* PlusJakartaSans-ExtraLight.ttf */; };
		F41C08CD28C5D7280050510E /* PlusJakartaSans-Medium.ttf in Resources */ = {isa = PBXBuildFile; fileRef = F41C08BA28C5CFA90050510E /* PlusJakartaSans-Medium.ttf */; };
		F41C08CE28C5D72B0050510E /* PlusJakartaSans-SemiBold.ttf in Resources */ = {isa = PBXBuildFile; fileRef = F41C08BB28C5CFA90050510E /* PlusJakartaSans-SemiBold.ttf */; };
		F41C08CF28C5D7300050510E /* PlusJakartaSans-ExtraBold.ttf in Resources */ = {isa = PBXBuildFile; fileRef = F41C08B928C5CFA90050510E /* PlusJakartaSans-ExtraBold.ttf */; };
		F41C08D028C5D7D10050510E /* PlusJakartaSans-Regular.ttf in Resources */ = {isa = PBXBuildFile; fileRef = F41C08C028C5CFA90050510E /* PlusJakartaSans-Regular.ttf */; };
		F41C08D228C5DE7E0050510E /* AccountSwitchViewController.swift in Sources */ = {isa = PBXBuildFile; fileRef = F41C08D128C5DE7E0050510E /* AccountSwitchViewController.swift */; };
		F41C08D428C5E9750050510E /* AccountCell.swift in Sources */ = {isa = PBXBuildFile; fileRef = F41C08D328C5E9750050510E /* AccountCell.swift */; };
		F42109E428BDE85D0069F486 /* PaymentViewController.swift in Sources */ = {isa = PBXBuildFile; fileRef = F42109E328BDE85D0069F486 /* PaymentViewController.swift */; };
		F42109E628BDE8C80069F486 /* SceneDelegate.swift in Sources */ = {isa = PBXBuildFile; fileRef = F42109E528BDE8C80069F486 /* SceneDelegate.swift */; };
		F42109E928BDEF7D0069F486 /* UIView+Autolayout.swift in Sources */ = {isa = PBXBuildFile; fileRef = F42109E828BDEF7D0069F486 /* UIView+Autolayout.swift */; };
		F955ED0F256D0F38005299AC /* ForgotPasswordPage.swift in Sources */ = {isa = PBXBuildFile; fileRef = F955ED0E256D0F38005299AC /* ForgotPasswordPage.swift */; };
		F955ED13256D109A005299AC /* FilledButtonStyle.swift in Sources */ = {isa = PBXBuildFile; fileRef = F955ED12256D109A005299AC /* FilledButtonStyle.swift */; };
		F955ED17256D14FE005299AC /* LoadingOverlayModifier.swift in Sources */ = {isa = PBXBuildFile; fileRef = F955ED16256D14FE005299AC /* LoadingOverlayModifier.swift */; };
		F955ED20256D1C20005299AC /* Tests.swift in Sources */ = {isa = PBXBuildFile; fileRef = F955ED1F256D1C20005299AC /* Tests.swift */; };
		F955ED2C256D1CF8005299AC /* ViewInspector in Frameworks */ = {isa = PBXBuildFile; productRef = F955ED2B256D1CF8005299AC /* ViewInspector */; };
		F97E1BFD25D3D8F7000884B4 /* AnalyticsEvent.swift in Sources */ = {isa = PBXBuildFile; fileRef = F97E1BFC25D3D8F7000884B4 /* AnalyticsEvent.swift */; };
		F97E1C0325D3D993000884B4 /* AnalyticsProvider.swift in Sources */ = {isa = PBXBuildFile; fileRef = F97E1C0225D3D993000884B4 /* AnalyticsProvider.swift */; };
		F97FB31B256D36A400F37C0D /* ErrorAlertModifier.swift in Sources */ = {isa = PBXBuildFile; fileRef = F97FB31A256D36A400F37C0D /* ErrorAlertModifier.swift */; };
		F98344A925CC021F0096DA55 /* Bundle.swift in Sources */ = {isa = PBXBuildFile; fileRef = F98344A825CC021F0096DA55 /* Bundle.swift */; };
		F9875512256D23850049EB19 /* Strings.swift in Sources */ = {isa = PBXBuildFile; fileRef = F9875511256D23850049EB19 /* Strings.swift */; };
		F9875516256D2D630049EB19 /* ChipTextfieldStyle.swift in Sources */ = {isa = PBXBuildFile; fileRef = F9875515256D2D630049EB19 /* ChipTextfieldStyle.swift */; };
		F997090A2549FBC700E24EAA /* Localizable.strings in Resources */ = {isa = PBXBuildFile; fileRef = F99709092549FBC700E24EAA /* Localizable.strings */; };
		F9970913254AB38600E24EAA /* RootPage.swift in Sources */ = {isa = PBXBuildFile; fileRef = F9970912254AB38600E24EAA /* RootPage.swift */; };
		F9970917254AB3B800E24EAA /* LogInPage.swift in Sources */ = {isa = PBXBuildFile; fileRef = F9970916254AB3B800E24EAA /* LogInPage.swift */; };
		F997091A254AB3C000E24EAA /* SignUpPage.swift in Sources */ = {isa = PBXBuildFile; fileRef = F9970919254AB3C000E24EAA /* SignUpPage.swift */; };
		F9970936254ABE3300E24EAA /* ProfileSetupView.swift in Sources */ = {isa = PBXBuildFile; fileRef = F9970935254ABE3300E24EAA /* ProfileSetupView.swift */; };
		F9B0AAD425D13EC8000C90B5 /* ForgotPasswordViewModel.swift in Sources */ = {isa = PBXBuildFile; fileRef = F9B0AAD325D13EC8000C90B5 /* ForgotPasswordViewModel.swift */; };
		F9BAE6BF253799BF008FF118 /* Core in Frameworks */ = {isa = PBXBuildFile; productRef = F9BAE6BE253799BF008FF118 /* Core */; };
		F9C2B929258937E6002DBADF /* PreferencesPage.swift in Sources */ = {isa = PBXBuildFile; fileRef = F9C2B928258937E6002DBADF /* PreferencesPage.swift */; };
		F9C2B92F25893B6B002DBADF /* Config.swift in Sources */ = {isa = PBXBuildFile; fileRef = F9C2B92E25893B6B002DBADF /* Config.swift */; };
		F9C2B93325893C35002DBADF /* SafariView.swift in Sources */ = {isa = PBXBuildFile; fileRef = F9C2B93225893C35002DBADF /* SafariView.swift */; };
		F9C2B948258954E1002DBADF /* Images.xcassets in Resources */ = {isa = PBXBuildFile; fileRef = F9C2B947258954E1002DBADF /* Images.xcassets */; };
		F9CB746D25CDA388006F0FE2 /* BaseViewController.swift in Sources */ = {isa = PBXBuildFile; fileRef = F9CB746C25CDA388006F0FE2 /* BaseViewController.swift */; };
		F9CB747125CDA71B006F0FE2 /* UIViewController+Error.swift in Sources */ = {isa = PBXBuildFile; fileRef = F9CB747025CDA71B006F0FE2 /* UIViewController+Error.swift */; };
		F9CB747525CDA816006F0FE2 /* AppEngine.swift in Sources */ = {isa = PBXBuildFile; fileRef = F9CB747425CDA816006F0FE2 /* AppEngine.swift */; };
		F9D38E1C253793E3007D4888 /* AppDelegate.swift in Sources */ = {isa = PBXBuildFile; fileRef = F9D38E1B253793E3007D4888 /* AppDelegate.swift */; };
		F9D38E25253793E3007D4888 /* Colors.xcassets in Resources */ = {isa = PBXBuildFile; fileRef = F9D38E24253793E3007D4888 /* Colors.xcassets */; };
		F9D38E28253793E3007D4888 /* LaunchScreen.storyboard in Resources */ = {isa = PBXBuildFile; fileRef = F9D38E26253793E3007D4888 /* LaunchScreen.storyboard */; };
		F9D6CC032571158D007E6779 /* Validation.swift in Sources */ = {isa = PBXBuildFile; fileRef = F9D6CC022571158D007E6779 /* Validation.swift */; };
		F9D6CC09257115BB007E6779 /* SignUpPageViewModel.swift in Sources */ = {isa = PBXBuildFile; fileRef = F9D6CC08257115BB007E6779 /* SignUpPageViewModel.swift */; };
		F9D889C427E3B3B600FF7F8E /* main.swift in Sources */ = {isa = PBXBuildFile; fileRef = F9D889C327E3B3B600FF7F8E /* main.swift */; };
		F9DA38D425E7A99B0030D771 /* ErrorModel.swift in Sources */ = {isa = PBXBuildFile; fileRef = F9DA38D325E7A99B0030D771 /* ErrorModel.swift */; };
		F9E98EE42582710000729B87 /* Assets.swift in Sources */ = {isa = PBXBuildFile; fileRef = F9E98EE32582710000729B87 /* Assets.swift */; };
		F9F4A4D7257105A800B6A1A0 /* LoginPageViewModel.swift in Sources */ = {isa = PBXBuildFile; fileRef = F9F4A4D6257105A800B6A1A0 /* LoginPageViewModel.swift */; };
/* End PBXBuildFile section */

/* Begin PBXContainerItemProxy section */
		F955ED22256D1C20005299AC /* PBXContainerItemProxy */ = {
			isa = PBXContainerItemProxy;
			containerPortal = F9D38E10253793E3007D4888 /* Project object */;
			proxyType = 1;
			remoteGlobalIDString = F9D38E17253793E3007D4888;
			remoteInfo = skeleton;
		};
/* End PBXContainerItemProxy section */

/* Begin PBXFileReference section */
		F41C08AF28BE51310050510E /* PaymentViewModel.swift */ = {isa = PBXFileReference; lastKnownFileType = sourcecode.swift; path = PaymentViewModel.swift; sourceTree = "<group>"; };
		F41C08B128BE59A70050510E /* pdfMock2.pdf */ = {isa = PBXFileReference; lastKnownFileType = image.pdf; path = pdfMock2.pdf; sourceTree = "<group>"; };
		F41C08B328C0D33F0050510E /* DS-01.xml */ = {isa = PBXFileReference; fileEncoding = 4; lastKnownFileType = text.xml; path = "DS-01.xml"; sourceTree = "<group>"; };
		F41C08B528C5CD910050510E /* Account.swift */ = {isa = PBXFileReference; lastKnownFileType = sourcecode.swift; path = Account.swift; sourceTree = "<group>"; };
		F41C08B828C5CFA80050510E /* PlusJakartaSans-BoldItalic.ttf */ = {isa = PBXFileReference; lastKnownFileType = file; path = "PlusJakartaSans-BoldItalic.ttf"; sourceTree = "<group>"; };
		F41C08B928C5CFA90050510E /* PlusJakartaSans-ExtraBold.ttf */ = {isa = PBXFileReference; lastKnownFileType = file; path = "PlusJakartaSans-ExtraBold.ttf"; sourceTree = "<group>"; };
		F41C08BA28C5CFA90050510E /* PlusJakartaSans-Medium.ttf */ = {isa = PBXFileReference; lastKnownFileType = file; path = "PlusJakartaSans-Medium.ttf"; sourceTree = "<group>"; };
		F41C08BB28C5CFA90050510E /* PlusJakartaSans-SemiBold.ttf */ = {isa = PBXFileReference; lastKnownFileType = file; path = "PlusJakartaSans-SemiBold.ttf"; sourceTree = "<group>"; };
		F41C08BC28C5CFA90050510E /* PlusJakartaSans-ExtraLightItalic.ttf */ = {isa = PBXFileReference; lastKnownFileType = file; path = "PlusJakartaSans-ExtraLightItalic.ttf"; sourceTree = "<group>"; };
		F41C08BD28C5CFA90050510E /* PlusJakartaSans-Bold.ttf */ = {isa = PBXFileReference; lastKnownFileType = file; path = "PlusJakartaSans-Bold.ttf"; sourceTree = "<group>"; };
		F41C08BE28C5CFA90050510E /* PlusJakartaSans-Light.ttf */ = {isa = PBXFileReference; lastKnownFileType = file; path = "PlusJakartaSans-Light.ttf"; sourceTree = "<group>"; };
		F41C08BF28C5CFA90050510E /* PlusJakartaSans-ExtraLight.ttf */ = {isa = PBXFileReference; lastKnownFileType = file; path = "PlusJakartaSans-ExtraLight.ttf"; sourceTree = "<group>"; };
		F41C08C028C5CFA90050510E /* PlusJakartaSans-Regular.ttf */ = {isa = PBXFileReference; lastKnownFileType = file; path = "PlusJakartaSans-Regular.ttf"; sourceTree = "<group>"; };
		F41C08C128C5CFA90050510E /* PlusJakartaSans-SemiBoldItalic.ttf */ = {isa = PBXFileReference; lastKnownFileType = file; path = "PlusJakartaSans-SemiBoldItalic.ttf"; sourceTree = "<group>"; };
		F41C08C228C5CFAA0050510E /* PlusJakartaSans-MediumItalic.ttf */ = {isa = PBXFileReference; lastKnownFileType = file; path = "PlusJakartaSans-MediumItalic.ttf"; sourceTree = "<group>"; };
		F41C08C328C5CFAA0050510E /* PlusJakartaSans-Italic.ttf */ = {isa = PBXFileReference; lastKnownFileType = file; path = "PlusJakartaSans-Italic.ttf"; sourceTree = "<group>"; };
		F41C08C428C5CFAA0050510E /* PlusJakartaSans-LightItalic.ttf */ = {isa = PBXFileReference; lastKnownFileType = file; path = "PlusJakartaSans-LightItalic.ttf"; sourceTree = "<group>"; };
		F41C08C528C5CFAA0050510E /* PlusJakartaSans-ExtraBoldItalic.ttf */ = {isa = PBXFileReference; lastKnownFileType = file; path = "PlusJakartaSans-ExtraBoldItalic.ttf"; sourceTree = "<group>"; };
		F41C08D128C5DE7E0050510E /* AccountSwitchViewController.swift */ = {isa = PBXFileReference; lastKnownFileType = sourcecode.swift; path = AccountSwitchViewController.swift; sourceTree = "<group>"; };
		F41C08D328C5E9750050510E /* AccountCell.swift */ = {isa = PBXFileReference; lastKnownFileType = sourcecode.swift; path = AccountCell.swift; sourceTree = "<group>"; };
		F42109E328BDE85D0069F486 /* PaymentViewController.swift */ = {isa = PBXFileReference; lastKnownFileType = sourcecode.swift; path = PaymentViewController.swift; sourceTree = "<group>"; };
		F42109E528BDE8C80069F486 /* SceneDelegate.swift */ = {isa = PBXFileReference; lastKnownFileType = sourcecode.swift; path = SceneDelegate.swift; sourceTree = "<group>"; };
		F42109E828BDEF7D0069F486 /* UIView+Autolayout.swift */ = {isa = PBXFileReference; lastKnownFileType = sourcecode.swift; path = "UIView+Autolayout.swift"; sourceTree = "<group>"; };
		F955ED0E256D0F38005299AC /* ForgotPasswordPage.swift */ = {isa = PBXFileReference; lastKnownFileType = sourcecode.swift; path = ForgotPasswordPage.swift; sourceTree = "<group>"; };
		F955ED12256D109A005299AC /* FilledButtonStyle.swift */ = {isa = PBXFileReference; lastKnownFileType = sourcecode.swift; path = FilledButtonStyle.swift; sourceTree = "<group>"; };
		F955ED16256D14FE005299AC /* LoadingOverlayModifier.swift */ = {isa = PBXFileReference; lastKnownFileType = sourcecode.swift; path = LoadingOverlayModifier.swift; sourceTree = "<group>"; };
		F955ED1D256D1C20005299AC /* WalletPOCTests.xctest */ = {isa = PBXFileReference; explicitFileType = wrapper.cfbundle; includeInIndex = 0; path = WalletPOCTests.xctest; sourceTree = BUILT_PRODUCTS_DIR; };
		F955ED1F256D1C20005299AC /* Tests.swift */ = {isa = PBXFileReference; lastKnownFileType = sourcecode.swift; path = Tests.swift; sourceTree = "<group>"; };
		F955ED21256D1C20005299AC /* Info.plist */ = {isa = PBXFileReference; lastKnownFileType = text.plist.xml; path = Info.plist; sourceTree = "<group>"; };
		F97E1BFC25D3D8F7000884B4 /* AnalyticsEvent.swift */ = {isa = PBXFileReference; lastKnownFileType = sourcecode.swift; path = AnalyticsEvent.swift; sourceTree = "<group>"; };
		F97E1C0225D3D993000884B4 /* AnalyticsProvider.swift */ = {isa = PBXFileReference; lastKnownFileType = sourcecode.swift; path = AnalyticsProvider.swift; sourceTree = "<group>"; };
		F97FB31A256D36A400F37C0D /* ErrorAlertModifier.swift */ = {isa = PBXFileReference; lastKnownFileType = sourcecode.swift; path = ErrorAlertModifier.swift; sourceTree = "<group>"; };
		F98344A825CC021F0096DA55 /* Bundle.swift */ = {isa = PBXFileReference; lastKnownFileType = sourcecode.swift; path = Bundle.swift; sourceTree = "<group>"; };
		F9875511256D23850049EB19 /* Strings.swift */ = {isa = PBXFileReference; fileEncoding = 4; lastKnownFileType = sourcecode.swift; path = Strings.swift; sourceTree = "<group>"; };
		F9875515256D2D630049EB19 /* ChipTextfieldStyle.swift */ = {isa = PBXFileReference; lastKnownFileType = sourcecode.swift; path = ChipTextfieldStyle.swift; sourceTree = "<group>"; };
		F99709042549FAEA00E24EAA /* Debug.xcconfig */ = {isa = PBXFileReference; lastKnownFileType = text.xcconfig; path = Debug.xcconfig; sourceTree = "<group>"; };
		F99709052549FB0100E24EAA /* Release.xcconfig */ = {isa = PBXFileReference; lastKnownFileType = text.xcconfig; path = Release.xcconfig; sourceTree = "<group>"; };
		F99709062549FB0100E24EAA /* Internal.xcconfig */ = {isa = PBXFileReference; lastKnownFileType = text.xcconfig; path = Internal.xcconfig; sourceTree = "<group>"; };
		F99709092549FBC700E24EAA /* Localizable.strings */ = {isa = PBXFileReference; lastKnownFileType = text.plist.strings; path = Localizable.strings; sourceTree = "<group>"; };
		F9970912254AB38600E24EAA /* RootPage.swift */ = {isa = PBXFileReference; lastKnownFileType = sourcecode.swift; path = RootPage.swift; sourceTree = "<group>"; };
		F9970916254AB3B800E24EAA /* LogInPage.swift */ = {isa = PBXFileReference; lastKnownFileType = sourcecode.swift; path = LogInPage.swift; sourceTree = "<group>"; };
		F9970919254AB3C000E24EAA /* SignUpPage.swift */ = {isa = PBXFileReference; lastKnownFileType = sourcecode.swift; path = SignUpPage.swift; sourceTree = "<group>"; };
		F9970935254ABE3300E24EAA /* ProfileSetupView.swift */ = {isa = PBXFileReference; lastKnownFileType = sourcecode.swift; path = ProfileSetupView.swift; sourceTree = "<group>"; };
		F9B0AAD325D13EC8000C90B5 /* ForgotPasswordViewModel.swift */ = {isa = PBXFileReference; lastKnownFileType = sourcecode.swift; path = ForgotPasswordViewModel.swift; sourceTree = "<group>"; };
		F9C2B928258937E6002DBADF /* PreferencesPage.swift */ = {isa = PBXFileReference; lastKnownFileType = sourcecode.swift; path = PreferencesPage.swift; sourceTree = "<group>"; };
		F9C2B92E25893B6B002DBADF /* Config.swift */ = {isa = PBXFileReference; lastKnownFileType = sourcecode.swift; path = Config.swift; sourceTree = "<group>"; };
		F9C2B93225893C35002DBADF /* SafariView.swift */ = {isa = PBXFileReference; lastKnownFileType = sourcecode.swift; path = SafariView.swift; sourceTree = "<group>"; };
		F9C2B947258954E1002DBADF /* Images.xcassets */ = {isa = PBXFileReference; lastKnownFileType = folder.assetcatalog; path = Images.xcassets; sourceTree = "<group>"; };
		F9CB746C25CDA388006F0FE2 /* BaseViewController.swift */ = {isa = PBXFileReference; lastKnownFileType = sourcecode.swift; path = BaseViewController.swift; sourceTree = "<group>"; };
		F9CB747025CDA71B006F0FE2 /* UIViewController+Error.swift */ = {isa = PBXFileReference; lastKnownFileType = sourcecode.swift; path = "UIViewController+Error.swift"; sourceTree = "<group>"; };
		F9CB747425CDA816006F0FE2 /* AppEngine.swift */ = {isa = PBXFileReference; lastKnownFileType = sourcecode.swift; path = AppEngine.swift; sourceTree = "<group>"; };
		F9D38E18253793E3007D4888 /* WalletPOC.app */ = {isa = PBXFileReference; explicitFileType = wrapper.application; includeInIndex = 0; path = WalletPOC.app; sourceTree = BUILT_PRODUCTS_DIR; };
		F9D38E1B253793E3007D4888 /* AppDelegate.swift */ = {isa = PBXFileReference; lastKnownFileType = sourcecode.swift; path = AppDelegate.swift; sourceTree = "<group>"; };
		F9D38E24253793E3007D4888 /* Colors.xcassets */ = {isa = PBXFileReference; lastKnownFileType = folder.assetcatalog; path = Colors.xcassets; sourceTree = "<group>"; };
		F9D38E27253793E3007D4888 /* Base */ = {isa = PBXFileReference; lastKnownFileType = file.storyboard; name = Base; path = Base.lproj/LaunchScreen.storyboard; sourceTree = "<group>"; };
		F9D38E29253793E3007D4888 /* Info.plist */ = {isa = PBXFileReference; lastKnownFileType = text.plist.xml; path = Info.plist; sourceTree = "<group>"; };
		F9D38E50253794ED007D4888 /* Core */ = {isa = PBXFileReference; lastKnownFileType = folder; path = Core; sourceTree = "<group>"; };
		F9D6CC022571158D007E6779 /* Validation.swift */ = {isa = PBXFileReference; lastKnownFileType = sourcecode.swift; path = Validation.swift; sourceTree = "<group>"; };
		F9D6CC08257115BB007E6779 /* SignUpPageViewModel.swift */ = {isa = PBXFileReference; lastKnownFileType = sourcecode.swift; path = SignUpPageViewModel.swift; sourceTree = "<group>"; };
		F9D889C327E3B3B600FF7F8E /* main.swift */ = {isa = PBXFileReference; lastKnownFileType = sourcecode.swift; path = main.swift; sourceTree = "<group>"; };
		F9DA38D325E7A99B0030D771 /* ErrorModel.swift */ = {isa = PBXFileReference; lastKnownFileType = sourcecode.swift; path = ErrorModel.swift; sourceTree = "<group>"; };
		F9E98EE32582710000729B87 /* Assets.swift */ = {isa = PBXFileReference; fileEncoding = 4; lastKnownFileType = sourcecode.swift; path = Assets.swift; sourceTree = "<group>"; };
		F9F4A4D6257105A800B6A1A0 /* LoginPageViewModel.swift */ = {isa = PBXFileReference; lastKnownFileType = sourcecode.swift; path = LoginPageViewModel.swift; sourceTree = "<group>"; };
/* End PBXFileReference section */

/* Begin PBXFrameworksBuildPhase section */
		F955ED1A256D1C20005299AC /* Frameworks */ = {
			isa = PBXFrameworksBuildPhase;
			buildActionMask = 2147483647;
			files = (
				F955ED2C256D1CF8005299AC /* ViewInspector in Frameworks */,
			);
			runOnlyForDeploymentPostprocessing = 0;
		};
		F9D38E15253793E3007D4888 /* Frameworks */ = {
			isa = PBXFrameworksBuildPhase;
			buildActionMask = 2147483647;
			files = (
				F9BAE6BF253799BF008FF118 /* Core in Frameworks */,
			);
			runOnlyForDeploymentPostprocessing = 0;
		};
/* End PBXFrameworksBuildPhase section */

/* Begin PBXGroup section */
		F41C08B728C5CF800050510E /* Fonts */ = {
			isa = PBXGroup;
			children = (
				F41C08BD28C5CFA90050510E /* PlusJakartaSans-Bold.ttf */,
				F41C08B828C5CFA80050510E /* PlusJakartaSans-BoldItalic.ttf */,
				F41C08B928C5CFA90050510E /* PlusJakartaSans-ExtraBold.ttf */,
				F41C08C528C5CFAA0050510E /* PlusJakartaSans-ExtraBoldItalic.ttf */,
				F41C08BF28C5CFA90050510E /* PlusJakartaSans-ExtraLight.ttf */,
				F41C08BC28C5CFA90050510E /* PlusJakartaSans-ExtraLightItalic.ttf */,
				F41C08C328C5CFAA0050510E /* PlusJakartaSans-Italic.ttf */,
				F41C08BE28C5CFA90050510E /* PlusJakartaSans-Light.ttf */,
				F41C08C428C5CFAA0050510E /* PlusJakartaSans-LightItalic.ttf */,
				F41C08BA28C5CFA90050510E /* PlusJakartaSans-Medium.ttf */,
				F41C08C228C5CFAA0050510E /* PlusJakartaSans-MediumItalic.ttf */,
				F41C08C028C5CFA90050510E /* PlusJakartaSans-Regular.ttf */,
				F41C08BB28C5CFA90050510E /* PlusJakartaSans-SemiBold.ttf */,
				F41C08C128C5CFA90050510E /* PlusJakartaSans-SemiBoldItalic.ttf */,
			);
			path = Fonts;
			sourceTree = "<group>";
		};
		F42109E228BDE8510069F486 /* New Group */ = {
			isa = PBXGroup;
			children = (
				F42109E328BDE85D0069F486 /* PaymentViewController.swift */,
				F41C08AF28BE51310050510E /* PaymentViewModel.swift */,
				F41C08B328C0D33F0050510E /* DS-01.xml */,
				F41C08B528C5CD910050510E /* Account.swift */,
				F41C08D128C5DE7E0050510E /* AccountSwitchViewController.swift */,
				F41C08D328C5E9750050510E /* AccountCell.swift */,
			);
			path = "New Group";
			sourceTree = "<group>";
		};
		F42109E728BDEF6E0069F486 /* Extensions */ = {
			isa = PBXGroup;
			children = (
				F42109E828BDEF7D0069F486 /* UIView+Autolayout.swift */,
			);
			path = Extensions;
			sourceTree = "<group>";
		};
		F955ED11256D108B005299AC /* Modifiers */ = {
			isa = PBXGroup;
			children = (
				F955ED12256D109A005299AC /* FilledButtonStyle.swift */,
				F955ED16256D14FE005299AC /* LoadingOverlayModifier.swift */,
				F9875515256D2D630049EB19 /* ChipTextfieldStyle.swift */,
				F97FB31A256D36A400F37C0D /* ErrorAlertModifier.swift */,
			);
			path = Modifiers;
			sourceTree = "<group>";
		};
		F955ED1E256D1C20005299AC /* WalletPOCTests */ = {
			isa = PBXGroup;
			children = (
				F955ED1F256D1C20005299AC /* Tests.swift */,
				F955ED21256D1C20005299AC /* Info.plist */,
			);
			path = WalletPOCTests;
			sourceTree = "<group>";
		};
		F97E1BFB25D3D8CE000884B4 /* Analytics */ = {
			isa = PBXGroup;
			children = (
				F97E1BFC25D3D8F7000884B4 /* AnalyticsEvent.swift */,
				F97E1C0225D3D993000884B4 /* AnalyticsProvider.swift */,
			);
			path = Analytics;
			sourceTree = "<group>";
		};
		F99709032549FAD600E24EAA /* Config */ = {
			isa = PBXGroup;
			children = (
				F99709042549FAEA00E24EAA /* Debug.xcconfig */,
				F99709062549FB0100E24EAA /* Internal.xcconfig */,
				F99709052549FB0100E24EAA /* Release.xcconfig */,
				F9C2B92E25893B6B002DBADF /* Config.swift */,
			);
			path = Config;
			sourceTree = "<group>";
		};
		F99709082549FB8D00E24EAA /* Resources */ = {
			isa = PBXGroup;
			children = (
				F41C08B728C5CF800050510E /* Fonts */,
				F41C08B128BE59A70050510E /* pdfMock2.pdf */,
				F9E98EE32582710000729B87 /* Assets.swift */,
				F9875511256D23850049EB19 /* Strings.swift */,
				F9D38E24253793E3007D4888 /* Colors.xcassets */,
				F9C2B947258954E1002DBADF /* Images.xcassets */,
				F99709092549FBC700E24EAA /* Localizable.strings */,
			);
			path = Resources;
			sourceTree = "<group>";
		};
		F997090C2549FBEE00E24EAA /* Supporting Files */ = {
			isa = PBXGroup;
			children = (
				F9D38E29253793E3007D4888 /* Info.plist */,
			);
			path = "Supporting Files";
			sourceTree = "<group>";
		};
		F997090D2549FC3000E24EAA /* User Interface */ = {
			isa = PBXGroup;
			children = (
				F42109E228BDE8510069F486 /* New Group */,
				F997090F2549FC4600E24EAA /* Screens */,
				F955ED11256D108B005299AC /* Modifiers */,
				F997090E2549FC3A00E24EAA /* Components */,
			);
			path = "User Interface";
			sourceTree = "<group>";
		};
		F997090E2549FC3A00E24EAA /* Components */ = {
			isa = PBXGroup;
			children = (
				F9C2B93225893C35002DBADF /* SafariView.swift */,
			);
			path = Components;
			sourceTree = "<group>";
		};
		F997090F2549FC4600E24EAA /* Screens */ = {
			isa = PBXGroup;
			children = (
				F9C2B927258937D6002DBADF /* Preferences */,
				F9970930254ABE1900E24EAA /* Profile Setup */,
				F9970915254AB3A600E24EAA /* Authentication */,
				F9970912254AB38600E24EAA /* RootPage.swift */,
			);
			path = Screens;
			sourceTree = "<group>";
		};
		F9970915254AB3A600E24EAA /* Authentication */ = {
			isa = PBXGroup;
			children = (
				F9E98EF325827CB700729B87 /* ForgotPassword */,
				F9D6CC14257115D6007E6779 /* SignUp */,
				F9F4A4D52571059D00B6A1A0 /* LogIn */,
			);
			path = Authentication;
			sourceTree = "<group>";
		};
		F9970930254ABE1900E24EAA /* Profile Setup */ = {
			isa = PBXGroup;
			children = (
				F9970935254ABE3300E24EAA /* ProfileSetupView.swift */,
			);
			path = "Profile Setup";
			sourceTree = "<group>";
		};
		F9BAE6AD253795AB008FF118 /* Main */ = {
			isa = PBXGroup;
			children = (
				F9D889C327E3B3B600FF7F8E /* main.swift */,
				F9D38E1B253793E3007D4888 /* AppDelegate.swift */,
				F9CB747425CDA816006F0FE2 /* AppEngine.swift */,
				F9D38E26253793E3007D4888 /* LaunchScreen.storyboard */,
				F42109E528BDE8C80069F486 /* SceneDelegate.swift */,
			);
			path = Main;
			sourceTree = "<group>";
		};
		F9C2B927258937D6002DBADF /* Preferences */ = {
			isa = PBXGroup;
			children = (
				F9C2B928258937E6002DBADF /* PreferencesPage.swift */,
			);
			path = Preferences;
			sourceTree = "<group>";
		};
		F9D38E0F253793E3007D4888 = {
			isa = PBXGroup;
			children = (
				F9D38E1A253793E3007D4888 /* WalletPOC */,
				F955ED1E256D1C20005299AC /* WalletPOCTests */,
				F9D38E50253794ED007D4888 /* Core */,
				F9D38E19253793E3007D4888 /* Products */,
			);
			sourceTree = "<group>";
		};
		F9D38E19253793E3007D4888 /* Products */ = {
			isa = PBXGroup;
			children = (
				F9D38E18253793E3007D4888 /* WalletPOC.app */,
				F955ED1D256D1C20005299AC /* WalletPOCTests.xctest */,
			);
			name = Products;
			sourceTree = "<group>";
		};
		F9D38E1A253793E3007D4888 /* WalletPOC */ = {
			isa = PBXGroup;
			children = (
				F42109E728BDEF6E0069F486 /* Extensions */,
				F9BAE6AD253795AB008FF118 /* Main */,
				F99709032549FAD600E24EAA /* Config */,
				F997090D2549FC3000E24EAA /* User Interface */,
				F97E1BFB25D3D8CE000884B4 /* Analytics */,
				F9D6CC0125711582007E6779 /* Utility */,
				F99709082549FB8D00E24EAA /* Resources */,
				F997090C2549FBEE00E24EAA /* Supporting Files */,
			);
			path = WalletPOC;
			sourceTree = "<group>";
		};
		F9D6CC0125711582007E6779 /* Utility */ = {
			isa = PBXGroup;
			children = (
				F9D6CC022571158D007E6779 /* Validation.swift */,
				F98344A825CC021F0096DA55 /* Bundle.swift */,
				F9CB746C25CDA388006F0FE2 /* BaseViewController.swift */,
				F9CB747025CDA71B006F0FE2 /* UIViewController+Error.swift */,
				F9DA38D325E7A99B0030D771 /* ErrorModel.swift */,
			);
			path = Utility;
			sourceTree = "<group>";
		};
		F9D6CC14257115D6007E6779 /* SignUp */ = {
			isa = PBXGroup;
			children = (
				F9970919254AB3C000E24EAA /* SignUpPage.swift */,
				F9D6CC08257115BB007E6779 /* SignUpPageViewModel.swift */,
			);
			path = SignUp;
			sourceTree = "<group>";
		};
		F9E98EF325827CB700729B87 /* ForgotPassword */ = {
			isa = PBXGroup;
			children = (
				F955ED0E256D0F38005299AC /* ForgotPasswordPage.swift */,
				F9B0AAD325D13EC8000C90B5 /* ForgotPasswordViewModel.swift */,
			);
			path = ForgotPassword;
			sourceTree = "<group>";
		};
		F9F4A4D52571059D00B6A1A0 /* LogIn */ = {
			isa = PBXGroup;
			children = (
				F9970916254AB3B800E24EAA /* LogInPage.swift */,
				F9F4A4D6257105A800B6A1A0 /* LoginPageViewModel.swift */,
			);
			path = LogIn;
			sourceTree = "<group>";
		};
/* End PBXGroup section */

/* Begin PBXNativeTarget section */
		F955ED1C256D1C20005299AC /* WalletPOCTests */ = {
			isa = PBXNativeTarget;
			buildConfigurationList = F955ED24256D1C20005299AC /* Build configuration list for PBXNativeTarget "WalletPOCTests" */;
			buildPhases = (
				F955ED19256D1C20005299AC /* Sources */,
				F955ED1A256D1C20005299AC /* Frameworks */,
				F955ED1B256D1C20005299AC /* Resources */,
			);
			buildRules = (
			);
			dependencies = (
				F955ED23256D1C20005299AC /* PBXTargetDependency */,
			);
			name = WalletPOCTests;
			packageProductDependencies = (
				F955ED2B256D1CF8005299AC /* ViewInspector */,
			);
			productName = Tests;
			productReference = F955ED1D256D1C20005299AC /* WalletPOCTests.xctest */;
			productType = "com.apple.product-type.bundle.unit-test";
		};
		F9D38E17253793E3007D4888 /* WalletPOC */ = {
			isa = PBXNativeTarget;
			buildConfigurationList = F9D38E2C253793E3007D4888 /* Build configuration list for PBXNativeTarget "WalletPOC" */;
			buildPhases = (
				F9D38E14253793E3007D4888 /* Sources */,
				F9D38E15253793E3007D4888 /* Frameworks */,
				F9D38E16253793E3007D4888 /* Resources */,
			);
			buildRules = (
			);
			dependencies = (
			);
			name = WalletPOC;
			packageProductDependencies = (
				F9BAE6BE253799BF008FF118 /* Core */,
			);
			productName = skeleton;
			productReference = F9D38E18253793E3007D4888 /* WalletPOC.app */;
			productType = "com.apple.product-type.application";
		};
/* End PBXNativeTarget section */

/* Begin PBXProject section */
		F9D38E10253793E3007D4888 /* Project object */ = {
			isa = PBXProject;
			attributes = {
				LastSwiftUpdateCheck = 1220;
				LastUpgradeCheck = 1200;
				TargetAttributes = {
					F955ED1C256D1C20005299AC = {
						CreatedOnToolsVersion = 12.2;
						TestTargetID = F9D38E17253793E3007D4888;
					};
					F9D38E17253793E3007D4888 = {
						CreatedOnToolsVersion = 12.0.1;
					};
				};
			};
			buildConfigurationList = F9D38E13253793E3007D4888 /* Build configuration list for PBXProject "WalletPOC" */;
			compatibilityVersion = "Xcode 9.3";
			developmentRegion = en;
			hasScannedForEncodings = 0;
			knownRegions = (
				en,
				Base,
			);
			mainGroup = F9D38E0F253793E3007D4888;
			packageReferences = (
				F955ED2A256D1CF8005299AC /* XCRemoteSwiftPackageReference "ViewInspector" */,
			);
			productRefGroup = F9D38E19253793E3007D4888 /* Products */;
			projectDirPath = "";
			projectRoot = "";
			targets = (
				F9D38E17253793E3007D4888 /* WalletPOC */,
				F955ED1C256D1C20005299AC /* WalletPOCTests */,
			);
		};
/* End PBXProject section */

/* Begin PBXResourcesBuildPhase section */
		F955ED1B256D1C20005299AC /* Resources */ = {
			isa = PBXResourcesBuildPhase;
			buildActionMask = 2147483647;
			files = (
			);
			runOnlyForDeploymentPostprocessing = 0;
		};
		F9D38E16253793E3007D4888 /* Resources */ = {
			isa = PBXResourcesBuildPhase;
			buildActionMask = 2147483647;
			files = (
				F9D38E28253793E3007D4888 /* LaunchScreen.storyboard in Resources */,
				F41C08CE28C5D72B0050510E /* PlusJakartaSans-SemiBold.ttf in Resources */,
				F41C08B228BE59A70050510E /* pdfMock2.pdf in Resources */,
				F41C08C828C5D7120050510E /* PlusJakartaSans-Bold.ttf in Resources */,
				F41C08CF28C5D7300050510E /* PlusJakartaSans-ExtraBold.ttf in Resources */,
				F9C2B948258954E1002DBADF /* Images.xcassets in Resources */,
				F41C08CA28C5D71B0050510E /* PlusJakartaSans-Light.ttf in Resources */,
				F41C08B428C0D3400050510E /* DS-01.xml in Resources */,
				F41C08CC28C5D7220050510E /* PlusJakartaSans-ExtraLight.ttf in Resources */,
				F41C08CD28C5D7280050510E /* PlusJakartaSans-Medium.ttf in Resources */,
				F41C08C928C5D7150050510E /* PlusJakartaSans-BoldItalic.ttf in Resources */,
				F997090A2549FBC700E24EAA /* Localizable.strings in Resources */,
				F41C08CB28C5D71E0050510E /* PlusJakartaSans-ExtraBoldItalic.ttf in Resources */,
				F41C08D028C5D7D10050510E /* PlusJakartaSans-Regular.ttf in Resources */,
				F9D38E25253793E3007D4888 /* Colors.xcassets in Resources */,
			);
			runOnlyForDeploymentPostprocessing = 0;
		};
/* End PBXResourcesBuildPhase section */

/* Begin PBXSourcesBuildPhase section */
		F955ED19256D1C20005299AC /* Sources */ = {
			isa = PBXSourcesBuildPhase;
			buildActionMask = 2147483647;
			files = (
				F955ED20256D1C20005299AC /* Tests.swift in Sources */,
			);
			runOnlyForDeploymentPostprocessing = 0;
		};
		F9D38E14253793E3007D4888 /* Sources */ = {
			isa = PBXSourcesBuildPhase;
			buildActionMask = 2147483647;
			files = (
				F97E1BFD25D3D8F7000884B4 /* AnalyticsEvent.swift in Sources */,
				F9C2B929258937E6002DBADF /* PreferencesPage.swift in Sources */,
				F955ED17256D14FE005299AC /* LoadingOverlayModifier.swift in Sources */,
				F9D6CC09257115BB007E6779 /* SignUpPageViewModel.swift in Sources */,
				F9CB746D25CDA388006F0FE2 /* BaseViewController.swift in Sources */,
				F9970913254AB38600E24EAA /* RootPage.swift in Sources */,
				F955ED13256D109A005299AC /* FilledButtonStyle.swift in Sources */,
				F42109E928BDEF7D0069F486 /* UIView+Autolayout.swift in Sources */,
				F9B0AAD425D13EC8000C90B5 /* ForgotPasswordViewModel.swift in Sources */,
				F9D889C427E3B3B600FF7F8E /* main.swift in Sources */,
				F41C08D228C5DE7E0050510E /* AccountSwitchViewController.swift in Sources */,
				F41C08D428C5E9750050510E /* AccountCell.swift in Sources */,
				F9D38E1C253793E3007D4888 /* AppDelegate.swift in Sources */,
				F9875516256D2D630049EB19 /* ChipTextfieldStyle.swift in Sources */,
				F9CB747125CDA71B006F0FE2 /* UIViewController+Error.swift in Sources */,
				F42109E628BDE8C80069F486 /* SceneDelegate.swift in Sources */,
				F9D6CC032571158D007E6779 /* Validation.swift in Sources */,
				F9E98EE42582710000729B87 /* Assets.swift in Sources */,
				F9DA38D425E7A99B0030D771 /* ErrorModel.swift in Sources */,
				F41C08B028BE51310050510E /* PaymentViewModel.swift in Sources */,
				F9970917254AB3B800E24EAA /* LogInPage.swift in Sources */,
				F9F4A4D7257105A800B6A1A0 /* LoginPageViewModel.swift in Sources */,
				F9C2B93325893C35002DBADF /* SafariView.swift in Sources */,
				F41C08B628C5CD910050510E /* Account.swift in Sources */,
				F97FB31B256D36A400F37C0D /* ErrorAlertModifier.swift in Sources */,
				F997091A254AB3C000E24EAA /* SignUpPage.swift in Sources */,
				F9970936254ABE3300E24EAA /* ProfileSetupView.swift in Sources */,
				F9CB747525CDA816006F0FE2 /* AppEngine.swift in Sources */,
				F42109E428BDE85D0069F486 /* PaymentViewController.swift in Sources */,
				F955ED0F256D0F38005299AC /* ForgotPasswordPage.swift in Sources */,
				F9C2B92F25893B6B002DBADF /* Config.swift in Sources */,
				F98344A925CC021F0096DA55 /* Bundle.swift in Sources */,
				F97E1C0325D3D993000884B4 /* AnalyticsProvider.swift in Sources */,
				F9875512256D23850049EB19 /* Strings.swift in Sources */,
			);
			runOnlyForDeploymentPostprocessing = 0;
		};
/* End PBXSourcesBuildPhase section */

/* Begin PBXTargetDependency section */
		F955ED23256D1C20005299AC /* PBXTargetDependency */ = {
			isa = PBXTargetDependency;
			target = F9D38E17253793E3007D4888 /* WalletPOC */;
			targetProxy = F955ED22256D1C20005299AC /* PBXContainerItemProxy */;
		};
/* End PBXTargetDependency section */

/* Begin PBXVariantGroup section */
		F9D38E26253793E3007D4888 /* LaunchScreen.storyboard */ = {
			isa = PBXVariantGroup;
			children = (
				F9D38E27253793E3007D4888 /* Base */,
			);
			name = LaunchScreen.storyboard;
			sourceTree = "<group>";
		};
/* End PBXVariantGroup section */

/* Begin XCBuildConfiguration section */
		F955ED25256D1C20005299AC /* Debug */ = {
			isa = XCBuildConfiguration;
			buildSettings = {
				BUNDLE_LOADER = "$(TEST_HOST)";
				CODE_SIGN_STYLE = Automatic;
				DEVELOPMENT_TEAM = Y6P2NYW2G8;
				INFOPLIST_FILE = Tests/Info.plist;
				IPHONEOS_DEPLOYMENT_TARGET = 14.2;
				LD_RUNPATH_SEARCH_PATHS = (
					"$(inherited)",
					"@executable_path/Frameworks",
					"@loader_path/Frameworks",
				);
				PRODUCT_BUNDLE_IDENTIFIER = com.halcyonmobile.Tests;
				PRODUCT_NAME = "$(TARGET_NAME)";
				SWIFT_VERSION = 5.0;
				TARGETED_DEVICE_FAMILY = "1,2";
				TEST_HOST = "$(BUILT_PRODUCTS_DIR)/WalletPOC.app/WalletPOC";
			};
			name = Debug;
		};
		F955ED26256D1C20005299AC /* Release */ = {
			isa = XCBuildConfiguration;
			buildSettings = {
				BUNDLE_LOADER = "$(TEST_HOST)";
				CODE_SIGN_STYLE = Automatic;
				DEVELOPMENT_TEAM = Y6P2NYW2G8;
				INFOPLIST_FILE = Tests/Info.plist;
				IPHONEOS_DEPLOYMENT_TARGET = 14.2;
				LD_RUNPATH_SEARCH_PATHS = (
					"$(inherited)",
					"@executable_path/Frameworks",
					"@loader_path/Frameworks",
				);
				PRODUCT_BUNDLE_IDENTIFIER = com.halcyonmobile.Tests;
				PRODUCT_NAME = "$(TARGET_NAME)";
				SWIFT_VERSION = 5.0;
				TARGETED_DEVICE_FAMILY = "1,2";
				TEST_HOST = "$(BUILT_PRODUCTS_DIR)/WalletPOC.app/WalletPOC";
			};
			name = Release;
		};
		F955ED27256D1C20005299AC /* Internal */ = {
			isa = XCBuildConfiguration;
			buildSettings = {
				BUNDLE_LOADER = "$(TEST_HOST)";
				CODE_SIGN_STYLE = Automatic;
				DEVELOPMENT_TEAM = Y6P2NYW2G8;
				INFOPLIST_FILE = Tests/Info.plist;
				IPHONEOS_DEPLOYMENT_TARGET = 14.2;
				LD_RUNPATH_SEARCH_PATHS = (
					"$(inherited)",
					"@executable_path/Frameworks",
					"@loader_path/Frameworks",
				);
				PRODUCT_BUNDLE_IDENTIFIER = com.halcyonmobile.Tests;
				PRODUCT_NAME = "$(TARGET_NAME)";
				SWIFT_VERSION = 5.0;
				TARGETED_DEVICE_FAMILY = "1,2";
				TEST_HOST = "$(BUILT_PRODUCTS_DIR)/WalletPOC.app/WalletPOC";
			};
			name = Internal;
		};
		F997091F254AB57900E24EAA /* Internal */ = {
			isa = XCBuildConfiguration;
			baseConfigurationReference = F99709062549FB0100E24EAA /* Internal.xcconfig */;
			buildSettings = {
				ALWAYS_SEARCH_USER_PATHS = NO;
				CLANG_ANALYZER_NONNULL = YES;
				CLANG_ANALYZER_NUMBER_OBJECT_CONVERSION = YES_AGGRESSIVE;
				CLANG_CXX_LANGUAGE_STANDARD = "gnu++14";
				CLANG_CXX_LIBRARY = "libc++";
				CLANG_ENABLE_MODULES = YES;
				CLANG_ENABLE_OBJC_ARC = YES;
				CLANG_ENABLE_OBJC_WEAK = YES;
				CLANG_WARN_BLOCK_CAPTURE_AUTORELEASING = YES;
				CLANG_WARN_BOOL_CONVERSION = YES;
				CLANG_WARN_COMMA = YES;
				CLANG_WARN_CONSTANT_CONVERSION = YES;
				CLANG_WARN_DEPRECATED_OBJC_IMPLEMENTATIONS = YES;
				CLANG_WARN_DIRECT_OBJC_ISA_USAGE = YES_ERROR;
				CLANG_WARN_DOCUMENTATION_COMMENTS = YES;
				CLANG_WARN_EMPTY_BODY = YES;
				CLANG_WARN_ENUM_CONVERSION = YES;
				CLANG_WARN_INFINITE_RECURSION = YES;
				CLANG_WARN_INT_CONVERSION = YES;
				CLANG_WARN_NON_LITERAL_NULL_CONVERSION = YES;
				CLANG_WARN_OBJC_IMPLICIT_RETAIN_SELF = YES;
				CLANG_WARN_OBJC_LITERAL_CONVERSION = YES;
				CLANG_WARN_OBJC_ROOT_CLASS = YES_ERROR;
				CLANG_WARN_QUOTED_INCLUDE_IN_FRAMEWORK_HEADER = YES;
				CLANG_WARN_RANGE_LOOP_ANALYSIS = YES;
				CLANG_WARN_STRICT_PROTOTYPES = YES;
				CLANG_WARN_SUSPICIOUS_MOVE = YES;
				CLANG_WARN_UNGUARDED_AVAILABILITY = YES_AGGRESSIVE;
				CLANG_WARN_UNREACHABLE_CODE = YES;
				CLANG_WARN__DUPLICATE_METHOD_MATCH = YES;
				COPY_PHASE_STRIP = NO;
				DEBUG_INFORMATION_FORMAT = "dwarf-with-dsym";
				ENABLE_NS_ASSERTIONS = NO;
				ENABLE_STRICT_OBJC_MSGSEND = YES;
				GCC_C_LANGUAGE_STANDARD = gnu11;
				GCC_NO_COMMON_BLOCKS = YES;
				GCC_WARN_64_TO_32_BIT_CONVERSION = YES;
				GCC_WARN_ABOUT_RETURN_TYPE = YES_ERROR;
				GCC_WARN_UNDECLARED_SELECTOR = YES;
				GCC_WARN_UNINITIALIZED_AUTOS = YES_AGGRESSIVE;
				GCC_WARN_UNUSED_FUNCTION = YES;
				GCC_WARN_UNUSED_VARIABLE = YES;
				IPHONEOS_DEPLOYMENT_TARGET = 13.0;
				MTL_ENABLE_DEBUG_INFO = NO;
				MTL_FAST_MATH = YES;
				SDKROOT = iphoneos;
				SWIFT_COMPILATION_MODE = wholemodule;
				SWIFT_OPTIMIZATION_LEVEL = "-O";
				VALIDATE_PRODUCT = YES;
			};
			name = Internal;
		};
		F9970920254AB57900E24EAA /* Internal */ = {
			isa = XCBuildConfiguration;
			baseConfigurationReference = F99709062549FB0100E24EAA /* Internal.xcconfig */;
			buildSettings = {
				ASSETCATALOG_COMPILER_APPICON_NAME = AppIcon;
				ASSETCATALOG_COMPILER_GLOBAL_ACCENT_COLOR_NAME = AccentColor;
				CODE_SIGN_STYLE = Automatic;
				DEVELOPMENT_TEAM = Y6P2NYW2G8;
				INFOPLIST_FILE = "$(SRCROOT)/WalletPOC/Supporting Files/Info.plist";
				IPHONEOS_DEPLOYMENT_TARGET = 14.0;
				LD_RUNPATH_SEARCH_PATHS = (
					"$(inherited)",
					"@executable_path/Frameworks",
				);
				MARKETING_VERSION = 0.0.1;
				PRODUCT_BUNDLE_IDENTIFIER = com.halcyonmobile.walletpoc;
				PRODUCT_NAME = "$(TARGET_NAME)";
				SWIFT_VERSION = 5.0;
				TARGETED_DEVICE_FAMILY = "1,2";
			};
			name = Internal;
		};
		F9D38E2A253793E3007D4888 /* Debug */ = {
			isa = XCBuildConfiguration;
			baseConfigurationReference = F99709042549FAEA00E24EAA /* Debug.xcconfig */;
			buildSettings = {
				ALWAYS_SEARCH_USER_PATHS = NO;
				CLANG_ANALYZER_NONNULL = YES;
				CLANG_ANALYZER_NUMBER_OBJECT_CONVERSION = YES_AGGRESSIVE;
				CLANG_CXX_LANGUAGE_STANDARD = "gnu++14";
				CLANG_CXX_LIBRARY = "libc++";
				CLANG_ENABLE_MODULES = YES;
				CLANG_ENABLE_OBJC_ARC = YES;
				CLANG_ENABLE_OBJC_WEAK = YES;
				CLANG_WARN_BLOCK_CAPTURE_AUTORELEASING = YES;
				CLANG_WARN_BOOL_CONVERSION = YES;
				CLANG_WARN_COMMA = YES;
				CLANG_WARN_CONSTANT_CONVERSION = YES;
				CLANG_WARN_DEPRECATED_OBJC_IMPLEMENTATIONS = YES;
				CLANG_WARN_DIRECT_OBJC_ISA_USAGE = YES_ERROR;
				CLANG_WARN_DOCUMENTATION_COMMENTS = YES;
				CLANG_WARN_EMPTY_BODY = YES;
				CLANG_WARN_ENUM_CONVERSION = YES;
				CLANG_WARN_INFINITE_RECURSION = YES;
				CLANG_WARN_INT_CONVERSION = YES;
				CLANG_WARN_NON_LITERAL_NULL_CONVERSION = YES;
				CLANG_WARN_OBJC_IMPLICIT_RETAIN_SELF = YES;
				CLANG_WARN_OBJC_LITERAL_CONVERSION = YES;
				CLANG_WARN_OBJC_ROOT_CLASS = YES_ERROR;
				CLANG_WARN_QUOTED_INCLUDE_IN_FRAMEWORK_HEADER = YES;
				CLANG_WARN_RANGE_LOOP_ANALYSIS = YES;
				CLANG_WARN_STRICT_PROTOTYPES = YES;
				CLANG_WARN_SUSPICIOUS_MOVE = YES;
				CLANG_WARN_UNGUARDED_AVAILABILITY = YES_AGGRESSIVE;
				CLANG_WARN_UNREACHABLE_CODE = YES;
				CLANG_WARN__DUPLICATE_METHOD_MATCH = YES;
				COPY_PHASE_STRIP = NO;
				DEBUG_INFORMATION_FORMAT = dwarf;
				ENABLE_STRICT_OBJC_MSGSEND = YES;
				ENABLE_TESTABILITY = YES;
				GCC_C_LANGUAGE_STANDARD = gnu11;
				GCC_DYNAMIC_NO_PIC = NO;
				GCC_NO_COMMON_BLOCKS = YES;
				GCC_OPTIMIZATION_LEVEL = 0;
				GCC_PREPROCESSOR_DEFINITIONS = (
					"DEBUG=1",
					"$(inherited)",
				);
				GCC_WARN_64_TO_32_BIT_CONVERSION = YES;
				GCC_WARN_ABOUT_RETURN_TYPE = YES_ERROR;
				GCC_WARN_UNDECLARED_SELECTOR = YES;
				GCC_WARN_UNINITIALIZED_AUTOS = YES_AGGRESSIVE;
				GCC_WARN_UNUSED_FUNCTION = YES;
				GCC_WARN_UNUSED_VARIABLE = YES;
				IPHONEOS_DEPLOYMENT_TARGET = 13.0;
				MTL_ENABLE_DEBUG_INFO = INCLUDE_SOURCE;
				MTL_FAST_MATH = YES;
				ONLY_ACTIVE_ARCH = YES;
				SDKROOT = iphoneos;
				SWIFT_ACTIVE_COMPILATION_CONDITIONS = DEBUG;
				SWIFT_OPTIMIZATION_LEVEL = "-Onone";
			};
			name = Debug;
		};
		F9D38E2B253793E3007D4888 /* Release */ = {
			isa = XCBuildConfiguration;
			baseConfigurationReference = F99709052549FB0100E24EAA /* Release.xcconfig */;
			buildSettings = {
				ALWAYS_SEARCH_USER_PATHS = NO;
				CLANG_ANALYZER_NONNULL = YES;
				CLANG_ANALYZER_NUMBER_OBJECT_CONVERSION = YES_AGGRESSIVE;
				CLANG_CXX_LANGUAGE_STANDARD = "gnu++14";
				CLANG_CXX_LIBRARY = "libc++";
				CLANG_ENABLE_MODULES = YES;
				CLANG_ENABLE_OBJC_ARC = YES;
				CLANG_ENABLE_OBJC_WEAK = YES;
				CLANG_WARN_BLOCK_CAPTURE_AUTORELEASING = YES;
				CLANG_WARN_BOOL_CONVERSION = YES;
				CLANG_WARN_COMMA = YES;
				CLANG_WARN_CONSTANT_CONVERSION = YES;
				CLANG_WARN_DEPRECATED_OBJC_IMPLEMENTATIONS = YES;
				CLANG_WARN_DIRECT_OBJC_ISA_USAGE = YES_ERROR;
				CLANG_WARN_DOCUMENTATION_COMMENTS = YES;
				CLANG_WARN_EMPTY_BODY = YES;
				CLANG_WARN_ENUM_CONVERSION = YES;
				CLANG_WARN_INFINITE_RECURSION = YES;
				CLANG_WARN_INT_CONVERSION = YES;
				CLANG_WARN_NON_LITERAL_NULL_CONVERSION = YES;
				CLANG_WARN_OBJC_IMPLICIT_RETAIN_SELF = YES;
				CLANG_WARN_OBJC_LITERAL_CONVERSION = YES;
				CLANG_WARN_OBJC_ROOT_CLASS = YES_ERROR;
				CLANG_WARN_QUOTED_INCLUDE_IN_FRAMEWORK_HEADER = YES;
				CLANG_WARN_RANGE_LOOP_ANALYSIS = YES;
				CLANG_WARN_STRICT_PROTOTYPES = YES;
				CLANG_WARN_SUSPICIOUS_MOVE = YES;
				CLANG_WARN_UNGUARDED_AVAILABILITY = YES_AGGRESSIVE;
				CLANG_WARN_UNREACHABLE_CODE = YES;
				CLANG_WARN__DUPLICATE_METHOD_MATCH = YES;
				COPY_PHASE_STRIP = NO;
				DEBUG_INFORMATION_FORMAT = "dwarf-with-dsym";
				ENABLE_NS_ASSERTIONS = NO;
				ENABLE_STRICT_OBJC_MSGSEND = YES;
				GCC_C_LANGUAGE_STANDARD = gnu11;
				GCC_NO_COMMON_BLOCKS = YES;
				GCC_WARN_64_TO_32_BIT_CONVERSION = YES;
				GCC_WARN_ABOUT_RETURN_TYPE = YES_ERROR;
				GCC_WARN_UNDECLARED_SELECTOR = YES;
				GCC_WARN_UNINITIALIZED_AUTOS = YES_AGGRESSIVE;
				GCC_WARN_UNUSED_FUNCTION = YES;
				GCC_WARN_UNUSED_VARIABLE = YES;
				IPHONEOS_DEPLOYMENT_TARGET = 13.0;
				MTL_ENABLE_DEBUG_INFO = NO;
				MTL_FAST_MATH = YES;
				SDKROOT = iphoneos;
				SWIFT_COMPILATION_MODE = wholemodule;
				SWIFT_OPTIMIZATION_LEVEL = "-O";
				VALIDATE_PRODUCT = YES;
			};
			name = Release;
		};
		F9D38E2D253793E3007D4888 /* Debug */ = {
			isa = XCBuildConfiguration;
			baseConfigurationReference = F99709042549FAEA00E24EAA /* Debug.xcconfig */;
			buildSettings = {
				ASSETCATALOG_COMPILER_APPICON_NAME = AppIcon;
				ASSETCATALOG_COMPILER_GLOBAL_ACCENT_COLOR_NAME = AccentColor;
				CODE_SIGN_STYLE = Automatic;
				DEVELOPMENT_TEAM = Y6P2NYW2G8;
				INFOPLIST_FILE = "$(SRCROOT)/WalletPOC/Supporting Files/Info.plist";
				IPHONEOS_DEPLOYMENT_TARGET = 14.0;
				LD_RUNPATH_SEARCH_PATHS = (
					"$(inherited)",
					"@executable_path/Frameworks",
				);
				MARKETING_VERSION = 0.0.1;
				PRODUCT_BUNDLE_IDENTIFIER = com.halcyonmobile.walletpoc;
				PRODUCT_NAME = "$(TARGET_NAME)";
				SWIFT_VERSION = 5.0;
				TARGETED_DEVICE_FAMILY = "1,2";
			};
			name = Debug;
		};
		F9D38E2E253793E3007D4888 /* Release */ = {
			isa = XCBuildConfiguration;
			baseConfigurationReference = F99709052549FB0100E24EAA /* Release.xcconfig */;
			buildSettings = {
				ASSETCATALOG_COMPILER_APPICON_NAME = AppIcon;
				ASSETCATALOG_COMPILER_GLOBAL_ACCENT_COLOR_NAME = AccentColor;
				CODE_SIGN_STYLE = Automatic;
				DEVELOPMENT_TEAM = Y6P2NYW2G8;
				INFOPLIST_FILE = "$(SRCROOT)/WalletPOC/Supporting Files/Info.plist";
				IPHONEOS_DEPLOYMENT_TARGET = 14.0;
				LD_RUNPATH_SEARCH_PATHS = (
					"$(inherited)",
					"@executable_path/Frameworks",
				);
				MARKETING_VERSION = 0.0.1;
				PRODUCT_BUNDLE_IDENTIFIER = com.halcyonmobile.walletpoc;
				PRODUCT_NAME = "$(TARGET_NAME)";
				SWIFT_VERSION = 5.0;
				TARGETED_DEVICE_FAMILY = "1,2";
			};
			name = Release;
		};
/* End XCBuildConfiguration section */

/* Begin XCConfigurationList section */
		F955ED24256D1C20005299AC /* Build configuration list for PBXNativeTarget "WalletPOCTests" */ = {
			isa = XCConfigurationList;
			buildConfigurations = (
				F955ED25256D1C20005299AC /* Debug */,
				F955ED26256D1C20005299AC /* Release */,
				F955ED27256D1C20005299AC /* Internal */,
			);
			defaultConfigurationIsVisible = 0;
			defaultConfigurationName = Release;
		};
		F9D38E13253793E3007D4888 /* Build configuration list for PBXProject "WalletPOC" */ = {
			isa = XCConfigurationList;
			buildConfigurations = (
				F9D38E2A253793E3007D4888 /* Debug */,
				F9D38E2B253793E3007D4888 /* Release */,
				F997091F254AB57900E24EAA /* Internal */,
			);
			defaultConfigurationIsVisible = 0;
			defaultConfigurationName = Release;
		};
		F9D38E2C253793E3007D4888 /* Build configuration list for PBXNativeTarget "WalletPOC" */ = {
			isa = XCConfigurationList;
			buildConfigurations = (
				F9D38E2D253793E3007D4888 /* Debug */,
				F9D38E2E253793E3007D4888 /* Release */,
				F9970920254AB57900E24EAA /* Internal */,
			);
			defaultConfigurationIsVisible = 0;
			defaultConfigurationName = Release;
		};
/* End XCConfigurationList section */

/* Begin XCRemoteSwiftPackageReference section */
		F955ED2A256D1CF8005299AC /* XCRemoteSwiftPackageReference "ViewInspector" */ = {
			isa = XCRemoteSwiftPackageReference;
			repositoryURL = "https://github.com/nalexn/ViewInspector.git";
			requirement = {
				kind = upToNextMajorVersion;
				minimumVersion = 0.5.4;
			};
		};
/* End XCRemoteSwiftPackageReference section */

/* Begin XCSwiftPackageProductDependency section */
		F955ED2B256D1CF8005299AC /* ViewInspector */ = {
			isa = XCSwiftPackageProductDependency;
			package = F955ED2A256D1CF8005299AC /* XCRemoteSwiftPackageReference "ViewInspector" */;
			productName = ViewInspector;
		};
		F9BAE6BE253799BF008FF118 /* Core */ = {
			isa = XCSwiftPackageProductDependency;
			productName = Core;
		};
/* End XCSwiftPackageProductDependency section */
	};
	rootObject = F9D38E10253793E3007D4888 /* Project object */;
}
